
Microsoft Visual Studio Solution File, Format Version 12.00
Project("{FAE04EC0-301F-11D3-BF4B-00C04F79EFBC}") = "CSharpDllDemo", "CSharpDllDemo\CSharpDllDemo.csproj", "{BE3252B9-FCF5-437B-B956-6CF455E068EF}"
EndProject
Global
	GlobalSection(SolutionConfigurationPlatforms) = preSolution
		Debug|Any CPU = Debug|Any CPU
		Release|Any CPU = Release|Any CPU
	EndGlobalSection
	GlobalSection(ProjectConfigurationPlatforms) = postSolution
		{BE3252B9-FCF5-437B-B956-6CF455E068EF}.Debug|Any CPU.ActiveCfg = Debug|Any CPU
		{BE3252B9-FCF5-437B-B956-6CF455E068EF}.Debug|Any CPU.Build.0 = Debug|Any CPU
		{BE3252B9-FCF5-437B-B956-6CF455E068EF}.Release|Any CPU.ActiveCfg = Release|Any CPU
		{BE3252B9-FCF5-437B-B956-6CF455E068EF}.Release|Any CPU.Build.0 = Release|Any CPU
	EndGlobalSection
EndGlobal
